# This file is automatically @generated by Poetry 1.7.1 and should not be changed by hand.

[[package]]
name = "colorama"
version = "0.4.6"
description = "Cross-platform colored terminal text."
optional = false
python-versions = "!=3.0.*,!=3.1.*,!=3.2.*,!=3.3.*,!=3.4.*,!=3.5.*,!=3.6.*,>=2.7"
files = [
    {file = "colorama-0.4.6-py2.py3-none-any.whl", hash = "sha256:4f1d9991f5acc0ca119f9d443620b77f9d6b33703e51011c16baf57afb285fc6"},
    {file = "colorama-0.4.6.tar.gz", hash = "sha256:08695f5cb7ed6e0531a20572697297273c47b8cae5a63ffc6d6ed5c201be6e44"},
]

[[package]]
name = "numexpr"
version = "2.8.7"
description = "Fast numerical expression evaluator for NumPy"
optional = false
python-versions = ">=3.9"
files = [
    {file = "numexpr-2.8.7-cp310-cp310-macosx_10_9_x86_64.whl", hash = "sha256:d88531ffea3ea9287e8a1665c6a2d0206d3f4660d5244423e2a134a7f0ce5fba"},
    {file = "numexpr-2.8.7-cp310-cp310-macosx_11_0_arm64.whl", hash = "sha256:db1065ba663a854115cf1f493afd7206e2efcef6643129e8061e97a51ad66ebb"},
    {file = "numexpr-2.8.7-cp310-cp310-manylinux_2_17_aarch64.manylinux2014_aarch64.whl", hash = "sha256:a4546416004ff2e7eb9cf52c2d7ab82732b1b505593193ee9f93fa770edc5230"},
    {file = "numexpr-2.8.7-cp310-cp310-manylinux_2_17_x86_64.manylinux2014_x86_64.whl", hash = "sha256:cb2f473fdfd09d17db3038e34818d05b6bc561a36785aa927d6c0e06bccc9911"},
    {file = "numexpr-2.8.7-cp310-cp310-musllinux_1_1_x86_64.whl", hash = "sha256:5496fc9e3ae214637cbca1ab556b0e602bd3afe9ff4c943a29c482430972cda8"},
    {file = "numexpr-2.8.7-cp310-cp310-win32.whl", hash = "sha256:d43f1f0253a6f2db2f76214e6f7ae9611b422cba3f7d4c86415d7a78bbbd606f"},
    {file = "numexpr-2.8.7-cp310-cp310-win_amd64.whl", hash = "sha256:cf5f112bce5c5966c47cc33700bc14ce745c8351d437ed57a9574fff581f341a"},
    {file = "numexpr-2.8.7-cp311-cp311-macosx_10_9_x86_64.whl", hash = "sha256:32934d51b5bc8a6636436326da79ed380e2f151989968789cf65b1210572cb46"},
    {file = "numexpr-2.8.7-cp311-cp311-macosx_11_0_arm64.whl", hash = "sha256:f021ac93cb3dd5d8ba2882627b615b1f58cb089dcc85764c6fbe7a549ed21b0c"},
    {file = "numexpr-2.8.7-cp311-cp311-manylinux_2_17_aarch64.manylinux2014_aarch64.whl", hash = "sha256:dccf572763517db6562fb7b17db46aacbbf62a9ca0a66672872f4f71aee7b186"},
    {file = "numexpr-2.8.7-cp311-cp311-manylinux_2_17_x86_64.manylinux2014_x86_64.whl", hash = "sha256:11121b14ee3179bade92e823f25f1b94e18716d33845db5081973331188c3338"},
    {file = "numexpr-2.8.7-cp311-cp311-musllinux_1_1_x86_64.whl", hash = "sha256:81451962d4145a46dba189df65df101d4d1caddb6efe6ebfe05982cd9f62b2cf"},
    {file = "numexpr-2.8.7-cp311-cp311-win32.whl", hash = "sha256:da55ba845b847cc33c4bf81cee4b1bddfb0831118cabff8db62888ab8697ec34"},
    {file = "numexpr-2.8.7-cp311-cp311-win_amd64.whl", hash = "sha256:fd93b88d5332069916fa00829ea1b972b7e73abcb1081eee5c905a514b8b59e3"},
    {file = "numexpr-2.8.7-cp312-cp312-macosx_10_9_x86_64.whl", hash = "sha256:5340d2c86d83f52e1a3e7fd97c37d358ae99af9de316bdeeab2565b9b1e622ca"},
    {file = "numexpr-2.8.7-cp312-cp312-macosx_11_0_arm64.whl", hash = "sha256:f3bdf8cbc00c77a46230c765d242f92d35905c239b20c256c48dbac91e49f253"},
    {file = "numexpr-2.8.7-cp312-cp312-manylinux_2_17_aarch64.manylinux2014_aarch64.whl", hash = "sha256:d46c47e361fa60966a3339cb4f463ae6151ce7d78ed38075f06e8585d2c8929f"},
    {file = "numexpr-2.8.7-cp312-cp312-manylinux_2_17_x86_64.manylinux2014_x86_64.whl", hash = "sha256:a371cfc1670a18eea2d5c70abaa95a0e8824b70d28da884bad11931266e3a0ca"},
    {file = "numexpr-2.8.7-cp312-cp312-musllinux_1_1_x86_64.whl", hash = "sha256:47a249cecd1382d482a5bf1fac0d11392fb2ed0f7d415ebc4cd901959deb1ec9"},
    {file = "numexpr-2.8.7-cp312-cp312-win32.whl", hash = "sha256:b8a5b2c21c26b62875bf819d375d798b96a32644e3c28bd4ce7789ed1fb489da"},
    {file = "numexpr-2.8.7-cp312-cp312-win_amd64.whl", hash = "sha256:f29f4d08d9b0ed6fa5d32082971294b2f9131b8577c2b7c36432ed670924313f"},
    {file = "numexpr-2.8.7-cp39-cp39-macosx_10_9_x86_64.whl", hash = "sha256:4ecaa5be24cf8fa0f00108e9dfa1021b7510e9dd9d159b8d8bc7c7ddbb995b31"},
    {file = "numexpr-2.8.7-cp39-cp39-macosx_11_0_arm64.whl", hash = "sha256:3a84284e0a407ca52980fd20962e89aff671c84cd6e73458f2e29ea2aa206356"},
    {file = "numexpr-2.8.7-cp39-cp39-manylinux_2_17_aarch64.manylinux2014_aarch64.whl", hash = "sha256:e838289e3b7bbe100b99e35496e6cc4cc0541c2207078941ee5a1d46e6b925ae"},
    {file = "numexpr-2.8.7-cp39-cp39-manylinux_2_17_x86_64.manylinux2014_x86_64.whl", hash = "sha256:0983052f308ea75dd232eb7f4729eed839db8fe8d82289940342b32cc55b15d0"},
    {file = "numexpr-2.8.7-cp39-cp39-musllinux_1_1_x86_64.whl", hash = "sha256:8bf005acd7f1985c71b1b247aaac8950d6ea05a0fe0bbbbf3f96cd398b136daa"},
    {file = "numexpr-2.8.7-cp39-cp39-win32.whl", hash = "sha256:56ec95f8d1db0819e64987dcf1789acd500fa4ea396eeabe4af6efdcb8902d07"},
    {file = "numexpr-2.8.7-cp39-cp39-win_amd64.whl", hash = "sha256:c7bf60fc1a9c90a9cb21c4c235723e579bff70c8d5362228cb2cf34426104ba2"},
    {file = "numexpr-2.8.7.tar.gz", hash = "sha256:596eeb3bbfebc912f4b6eaaf842b61ba722cebdb8bc42dfefa657d3a74953849"},
]

[package.dependencies]
numpy = ">=1.13.3"

[[package]]
name = "numpy"
version = "1.26.2"
description = "Fundamental package for array computing in Python"
optional = false
python-versions = ">=3.9"
files = [
    {file = "numpy-1.26.2-cp310-cp310-macosx_10_9_x86_64.whl", hash = "sha256:3703fc9258a4a122d17043e57b35e5ef1c5a5837c3db8be396c82e04c1cf9b0f"},
    {file = "numpy-1.26.2-cp310-cp310-macosx_11_0_arm64.whl", hash = "sha256:cc392fdcbd21d4be6ae1bb4475a03ce3b025cd49a9be5345d76d7585aea69440"},
    {file = "numpy-1.26.2-cp310-cp310-manylinux_2_17_aarch64.manylinux2014_aarch64.whl", hash = "sha256:36340109af8da8805d8851ef1d74761b3b88e81a9bd80b290bbfed61bd2b4f75"},
    {file = "numpy-1.26.2-cp310-cp310-manylinux_2_17_x86_64.manylinux2014_x86_64.whl", hash = "sha256:bcc008217145b3d77abd3e4d5ef586e3bdfba8fe17940769f8aa09b99e856c00"},
    {file = "numpy-1.26.2-cp310-cp310-musllinux_1_1_aarch64.whl", hash = "sha256:3ced40d4e9e18242f70dd02d739e44698df3dcb010d31f495ff00a31ef6014fe"},
    {file = "numpy-1.26.2-cp310-cp310-musllinux_1_1_x86_64.whl", hash = "sha256:b272d4cecc32c9e19911891446b72e986157e6a1809b7b56518b4f3755267523"},
    {file = "numpy-1.26.2-cp310-cp310-win32.whl", hash = "sha256:22f8fc02fdbc829e7a8c578dd8d2e15a9074b630d4da29cda483337e300e3ee9"},
    {file = "numpy-1.26.2-cp310-cp310-win_amd64.whl", hash = "sha256:26c9d33f8e8b846d5a65dd068c14e04018d05533b348d9eaeef6c1bd787f9919"},
    {file = "numpy-1.26.2-cp311-cp311-macosx_10_9_x86_64.whl", hash = "sha256:b96e7b9c624ef3ae2ae0e04fa9b460f6b9f17ad8b4bec6d7756510f1f6c0c841"},
    {file = "numpy-1.26.2-cp311-cp311-macosx_11_0_arm64.whl", hash = "sha256:aa18428111fb9a591d7a9cc1b48150097ba6a7e8299fb56bdf574df650e7d1f1"},
    {file = "numpy-1.26.2-cp311-cp311-manylinux_2_17_aarch64.manylinux2014_aarch64.whl", hash = "sha256:06fa1ed84aa60ea6ef9f91ba57b5ed963c3729534e6e54055fc151fad0423f0a"},
    {file = "numpy-1.26.2-cp311-cp311-manylinux_2_17_x86_64.manylinux2014_x86_64.whl", hash = "sha256:96ca5482c3dbdd051bcd1fce8034603d6ebfc125a7bd59f55b40d8f5d246832b"},
    {file = "numpy-1.26.2-cp311-cp311-musllinux_1_1_aarch64.whl", hash = "sha256:854ab91a2906ef29dc3925a064fcd365c7b4da743f84b123002f6139bcb3f8a7"},
    {file = "numpy-1.26.2-cp311-cp311-musllinux_1_1_x86_64.whl", hash = "sha256:f43740ab089277d403aa07567be138fc2a89d4d9892d113b76153e0e412409f8"},
    {file = "numpy-1.26.2-cp311-cp311-win32.whl", hash = "sha256:a2bbc29fcb1771cd7b7425f98b05307776a6baf43035d3b80c4b0f29e9545186"},
    {file = "numpy-1.26.2-cp311-cp311-win_amd64.whl", hash = "sha256:2b3fca8a5b00184828d12b073af4d0fc5fdd94b1632c2477526f6bd7842d700d"},
    {file = "numpy-1.26.2-cp312-cp312-macosx_10_9_x86_64.whl", hash = "sha256:a4cd6ed4a339c21f1d1b0fdf13426cb3b284555c27ac2f156dfdaaa7e16bfab0"},
    {file = "numpy-1.26.2-cp312-cp312-macosx_11_0_arm64.whl", hash = "sha256:5d5244aabd6ed7f312268b9247be47343a654ebea52a60f002dc70c769048e75"},
    {file = "numpy-1.26.2-cp312-cp312-manylinux_2_17_aarch64.manylinux2014_aarch64.whl", hash = "sha256:6a3cdb4d9c70e6b8c0814239ead47da00934666f668426fc6e94cce869e13fd7"},
    {file = "numpy-1.26.2-cp312-cp312-manylinux_2_17_x86_64.manylinux2014_x86_64.whl", hash = "sha256:aa317b2325f7aa0a9471663e6093c210cb2ae9c0ad824732b307d2c51983d5b6"},
    {file = "numpy-1.26.2-cp312-cp312-musllinux_1_1_aarch64.whl", hash = "sha256:174a8880739c16c925799c018f3f55b8130c1f7c8e75ab0a6fa9d41cab092fd6"},
    {file = "numpy-1.26.2-cp312-cp312-musllinux_1_1_x86_64.whl", hash = "sha256:f79b231bf5c16b1f39c7f4875e1ded36abee1591e98742b05d8a0fb55d8a3eec"},
    {file = "numpy-1.26.2-cp312-cp312-win32.whl", hash = "sha256:4a06263321dfd3598cacb252f51e521a8cb4b6df471bb12a7ee5cbab20ea9167"},
    {file = "numpy-1.26.2-cp312-cp312-win_amd64.whl", hash = "sha256:b04f5dc6b3efdaab541f7857351aac359e6ae3c126e2edb376929bd3b7f92d7e"},
    {file = "numpy-1.26.2-cp39-cp39-macosx_10_9_x86_64.whl", hash = "sha256:4eb8df4bf8d3d90d091e0146f6c28492b0be84da3e409ebef54349f71ed271ef"},
    {file = "numpy-1.26.2-cp39-cp39-macosx_11_0_arm64.whl", hash = "sha256:1a13860fdcd95de7cf58bd6f8bc5a5ef81c0b0625eb2c9a783948847abbef2c2"},
    {file = "numpy-1.26.2-cp39-cp39-manylinux_2_17_aarch64.manylinux2014_aarch64.whl", hash = "sha256:64308ebc366a8ed63fd0bf426b6a9468060962f1a4339ab1074c228fa6ade8e3"},
    {file = "numpy-1.26.2-cp39-cp39-manylinux_2_17_x86_64.manylinux2014_x86_64.whl", hash = "sha256:baf8aab04a2c0e859da118f0b38617e5ee65d75b83795055fb66c0d5e9e9b818"},
    {file = "numpy-1.26.2-cp39-cp39-musllinux_1_1_aarch64.whl", hash = "sha256:d73a3abcac238250091b11caef9ad12413dab01669511779bc9b29261dd50210"},
    {file = "numpy-1.26.2-cp39-cp39-musllinux_1_1_x86_64.whl", hash = "sha256:b361d369fc7e5e1714cf827b731ca32bff8d411212fccd29ad98ad622449cc36"},
    {file = "numpy-1.26.2-cp39-cp39-win32.whl", hash = "sha256:bd3f0091e845164a20bd5a326860c840fe2af79fa12e0469a12768a3ec578d80"},
    {file = "numpy-1.26.2-cp39-cp39-win_amd64.whl", hash = "sha256:2beef57fb031dcc0dc8fa4fe297a742027b954949cabb52a2a376c144e5e6060"},
    {file = "numpy-1.26.2-pp39-pypy39_pp73-macosx_10_9_x86_64.whl", hash = "sha256:1cc3d5029a30fb5f06704ad6b23b35e11309491c999838c31f124fee32107c79"},
    {file = "numpy-1.26.2-pp39-pypy39_pp73-manylinux_2_17_x86_64.manylinux2014_x86_64.whl", hash = "sha256:94cc3c222bb9fb5a12e334d0479b97bb2df446fbe622b470928f5284ffca3f8d"},
    {file = "numpy-1.26.2-pp39-pypy39_pp73-win_amd64.whl", hash = "sha256:fe6b44fb8fcdf7eda4ef4461b97b3f63c466b27ab151bec2366db8b197387841"},
    {file = "numpy-1.26.2.tar.gz", hash = "sha256:f65738447676ab5777f11e6bbbdb8ce11b785e105f690bc45966574816b6d3ea"},
]

[metadata]
lock-version = "2.0"
python-versions = "^3.11"
content-hash = "510a1627313407ada865b2b6268b5cef91b709db270df5c6e5e29cea7f458033"
